
Microsoft Visual Studio Solution File, Format Version 12.00
# Visual Studio Version 16
VisualStudioVersion = 16.0.30907.101
MinimumVisualStudioVersion = 10.0.40219.1
Project("{888888A0-9F3D-457C-B088-3A5042F75D52}") = "pythonGUI", "pythonGUI.pyproj", "{E04639F2-CFA6-4716-AF0D-8F1194252DCE}"
EndProject
Global
	GlobalSection(SolutionConfigurationPlatforms) = preSolution
		Debug|Any CPU = Debug|Any CPU
		Release|Any CPU = Release|Any CPU
	EndGlobalSection
	GlobalSection(ProjectConfigurationPlatforms) = postSolution
		{E04639F2-CFA6-4716-AF0D-8F1194252DCE}.Debug|Any CPU.ActiveCfg = Debug|Any CPU
		{E04639F2-CFA6-4716-AF0D-8F1194252DCE}.Release|Any CPU.ActiveCfg = Release|Any CPU
	EndGlobalSection
	GlobalSection(SolutionProperties) = preSolution
		HideSolutionNode = FALSE
	EndGlobalSection
	GlobalSection(ExtensibilityGlobals) = postSolution
		SolutionGuid = {D1272FC5-C56D-44D5-89A5-714BDBE54263}
	EndGlobalSection
EndGlobal
